
Microsoft Visual Studio Solution File, Format Version 12.00
# Visual Studio 15
VisualStudioVersion = 15.0.28010.2026
MinimumVisualStudioVersion = 10.0.40219.1
Project("{FAE04EC0-301F-11D3-BF4B-00C04F79EFBC}") = "DVCS_Website", "DVCS_Website\DVCS_Website.csproj", "{098FBE63-4E7B-44D0-AC73-F20F9F75A53D}"
EndProject
Global
	GlobalSection(SolutionConfigurationPlatforms) = preSolution
		Debug|Any CPU = Debug|Any CPU
		Release|Any CPU = Release|Any CPU
	EndGlobalSection
	GlobalSection(ProjectConfigurationPlatforms) = postSolution
		{098FBE63-4E7B-44D0-AC73-F20F9F75A53D}.Debug|Any CPU.ActiveCfg = Debug|Any CPU
		{098FBE63-4E7B-44D0-AC73-F20F9F75A53D}.Debug|Any CPU.Build.0 = Debug|Any CPU
		{098FBE63-4E7B-44D0-AC73-F20F9F75A53D}.Release|Any CPU.ActiveCfg = Release|Any CPU
		{098FBE63-4E7B-44D0-AC73-F20F9F75A53D}.Release|Any CPU.Build.0 = Release|Any CPU
	EndGlobalSection
	GlobalSection(SolutionProperties) = preSolution
		HideSolutionNode = FALSE
	EndGlobalSection
	GlobalSection(ExtensibilityGlobals) = postSolution
		SolutionGuid = {61B6F4EA-46E3-4B67-89A6-7E08A331758C}
	EndGlobalSection
EndGlobal
